FORGE
  remote: https://forgeapi.puppetlabs.com
  specs:
    maestrodev-wget (1.7.1)
    puppetlabs-git (0.4.0)
      puppetlabs-stdlib (>= 3.2.0)
    puppetlabs-stdlib (4.9.0)
    zanloy-ohmyzsh (1.0.3)
      maestrodev-wget (>= 1.5.7)
      puppetlabs-stdlib (>= 3.2.0)

DEPENDENCIES
  puppetlabs-git (= 0.4.0)
  puppetlabs-stdlib (>= 0)
  zanloy-ohmyzsh (= 1.0.3)

